
Microsoft Visual Studio Solution File, Format Version 12.00
# Visual Studio Version 17
VisualStudioVersion = 17.0.31903.59
MinimumVisualStudioVersion = 10.0.40219.1
Project("{2150E333-8FDC-42A3-9474-1A3956D46DE8}") = "languages", "languages", "{1C2492E6-07D6-3755-945F-6FD68363DF81}"
EndProject
Project("{2150E333-8FDC-42A3-9474-1A3956D46DE8}") = "CSharp", "CSharp", "{683FD511-F176-D19A-2E84-A7FCEC12FB0B}"
EndProject
Project("{FAE04EC0-301F-11D3-BF4B-00C04F79EFBC}") = "HelloWorld", "languages\CSharp\HelloWorld\HelloWorld.csproj", "{90CF84A4-54D2-4B0B-81A6-148877565AB7}"
EndProject
Project("{FAE04EC0-301F-11D3-BF4B-00C04F79EFBC}") = "Basics", "languages\CSharp\Basics\Basics.csproj", "{2E3AC84C-9EA0-45C8-B50A-2448FBDF8A5E}"
EndProject
Project("{FAE04EC0-301F-11D3-BF4B-00C04F79EFBC}") = "Operators", "languages\CSharp\Operators\Operators.csproj", "{7EAE6493-9656-4A99-BEB2-EDEBF618AD46}"
EndProject
Project("{FAE04EC0-301F-11D3-BF4B-00C04F79EFBC}") = "ControlFlow", "languages\CSharp\ControlFlow\ControlFlow.csproj", "{6B1223A4-1821-49E1-B9BE-3C25399FAFCD}"
EndProject
Project("{2150E333-8FDC-42A3-9474-1A3956D46DE8}") = "strings", "strings", "{5E473CC3-8E89-9CA1-5D97-F2F31AE5549C}"
EndProject
Project("{FAE04EC0-301F-11D3-BF4B-00C04F79EFBC}") = "Operatiosn", "languages\CSharp\strings\Operatiosn\Operatiosn.csproj", "{F38635D4-9C3E-4309-9833-32EA275CEE5A}"
EndProject
Project("{FAE04EC0-301F-11D3-BF4B-00C04F79EFBC}") = "Format", "languages\CSharp\strings\Format\Format.csproj", "{D8B13A88-9B03-4960-B33D-D26D21F15869}"
EndProject
Global
	GlobalSection(SolutionConfigurationPlatforms) = preSolution
		Debug|Any CPU = Debug|Any CPU
		Debug|x64 = Debug|x64
		Debug|x86 = Debug|x86
		Release|Any CPU = Release|Any CPU
		Release|x64 = Release|x64
		Release|x86 = Release|x86
	EndGlobalSection
	GlobalSection(ProjectConfigurationPlatforms) = postSolution
		{90CF84A4-54D2-4B0B-81A6-148877565AB7}.Debug|Any CPU.ActiveCfg = Debug|Any CPU
		{90CF84A4-54D2-4B0B-81A6-148877565AB7}.Debug|Any CPU.Build.0 = Debug|Any CPU
		{90CF84A4-54D2-4B0B-81A6-148877565AB7}.Debug|x64.ActiveCfg = Debug|Any CPU
		{90CF84A4-54D2-4B0B-81A6-148877565AB7}.Debug|x64.Build.0 = Debug|Any CPU
		{90CF84A4-54D2-4B0B-81A6-148877565AB7}.Debug|x86.ActiveCfg = Debug|Any CPU
		{90CF84A4-54D2-4B0B-81A6-148877565AB7}.Debug|x86.Build.0 = Debug|Any CPU
		{90CF84A4-54D2-4B0B-81A6-148877565AB7}.Release|Any CPU.ActiveCfg = Release|Any CPU
		{90CF84A4-54D2-4B0B-81A6-148877565AB7}.Release|Any CPU.Build.0 = Release|Any CPU
		{90CF84A4-54D2-4B0B-81A6-148877565AB7}.Release|x64.ActiveCfg = Release|Any CPU
		{90CF84A4-54D2-4B0B-81A6-148877565AB7}.Release|x64.Build.0 = Release|Any CPU
		{90CF84A4-54D2-4B0B-81A6-148877565AB7}.Release|x86.ActiveCfg = Release|Any CPU
		{90CF84A4-54D2-4B0B-81A6-148877565AB7}.Release|x86.Build.0 = Release|Any CPU
		{2E3AC84C-9EA0-45C8-B50A-2448FBDF8A5E}.Debug|Any CPU.ActiveCfg = Debug|Any CPU
		{2E3AC84C-9EA0-45C8-B50A-2448FBDF8A5E}.Debug|Any CPU.Build.0 = Debug|Any CPU
		{2E3AC84C-9EA0-45C8-B50A-2448FBDF8A5E}.Debug|x64.ActiveCfg = Debug|Any CPU
		{2E3AC84C-9EA0-45C8-B50A-2448FBDF8A5E}.Debug|x64.Build.0 = Debug|Any CPU
		{2E3AC84C-9EA0-45C8-B50A-2448FBDF8A5E}.Debug|x86.ActiveCfg = Debug|Any CPU
		{2E3AC84C-9EA0-45C8-B50A-2448FBDF8A5E}.Debug|x86.Build.0 = Debug|Any CPU
		{2E3AC84C-9EA0-45C8-B50A-2448FBDF8A5E}.Release|Any CPU.ActiveCfg = Release|Any CPU
		{2E3AC84C-9EA0-45C8-B50A-2448FBDF8A5E}.Release|Any CPU.Build.0 = Release|Any CPU
		{2E3AC84C-9EA0-45C8-B50A-2448FBDF8A5E}.Release|x64.ActiveCfg = Release|Any CPU
		{2E3AC84C-9EA0-45C8-B50A-2448FBDF8A5E}.Release|x64.Build.0 = Release|Any CPU
		{2E3AC84C-9EA0-45C8-B50A-2448FBDF8A5E}.Release|x86.ActiveCfg = Release|Any CPU
		{2E3AC84C-9EA0-45C8-B50A-2448FBDF8A5E}.Release|x86.Build.0 = Release|Any CPU
		{7EAE6493-9656-4A99-BEB2-EDEBF618AD46}.Debug|Any CPU.ActiveCfg = Debug|Any CPU
		{7EAE6493-9656-4A99-BEB2-EDEBF618AD46}.Debug|Any CPU.Build.0 = Debug|Any CPU
		{7EAE6493-9656-4A99-BEB2-EDEBF618AD46}.Debug|x64.ActiveCfg = Debug|Any CPU
		{7EAE6493-9656-4A99-BEB2-EDEBF618AD46}.Debug|x64.Build.0 = Debug|Any CPU
		{7EAE6493-9656-4A99-BEB2-EDEBF618AD46}.Debug|x86.ActiveCfg = Debug|Any CPU
		{7EAE6493-9656-4A99-BEB2-EDEBF618AD46}.Debug|x86.Build.0 = Debug|Any CPU
		{7EAE6493-9656-4A99-BEB2-EDEBF618AD46}.Release|Any CPU.ActiveCfg = Release|Any CPU
		{7EAE6493-9656-4A99-BEB2-EDEBF618AD46}.Release|Any CPU.Build.0 = Release|Any CPU
		{7EAE6493-9656-4A99-BEB2-EDEBF618AD46}.Release|x64.ActiveCfg = Release|Any CPU
		{7EAE6493-9656-4A99-BEB2-EDEBF618AD46}.Release|x64.Build.0 = Release|Any CPU
		{7EAE6493-9656-4A99-BEB2-EDEBF618AD46}.Release|x86.ActiveCfg = Release|Any CPU
		{7EAE6493-9656-4A99-BEB2-EDEBF618AD46}.Release|x86.Build.0 = Release|Any CPU
		{6B1223A4-1821-49E1-B9BE-3C25399FAFCD}.Debug|Any CPU.ActiveCfg = Debug|Any CPU
		{6B1223A4-1821-49E1-B9BE-3C25399FAFCD}.Debug|Any CPU.Build.0 = Debug|Any CPU
		{6B1223A4-1821-49E1-B9BE-3C25399FAFCD}.Debug|x64.ActiveCfg = Debug|Any CPU
		{6B1223A4-1821-49E1-B9BE-3C25399FAFCD}.Debug|x64.Build.0 = Debug|Any CPU
		{6B1223A4-1821-49E1-B9BE-3C25399FAFCD}.Debug|x86.ActiveCfg = Debug|Any CPU
		{6B1223A4-1821-49E1-B9BE-3C25399FAFCD}.Debug|x86.Build.0 = Debug|Any CPU
		{6B1223A4-1821-49E1-B9BE-3C25399FAFCD}.Release|Any CPU.ActiveCfg = Release|Any CPU
		{6B1223A4-1821-49E1-B9BE-3C25399FAFCD}.Release|Any CPU.Build.0 = Release|Any CPU
		{6B1223A4-1821-49E1-B9BE-3C25399FAFCD}.Release|x64.ActiveCfg = Release|Any CPU
		{6B1223A4-1821-49E1-B9BE-3C25399FAFCD}.Release|x64.Build.0 = Release|Any CPU
		{6B1223A4-1821-49E1-B9BE-3C25399FAFCD}.Release|x86.ActiveCfg = Release|Any CPU
		{6B1223A4-1821-49E1-B9BE-3C25399FAFCD}.Release|x86.Build.0 = Release|Any CPU
		{F38635D4-9C3E-4309-9833-32EA275CEE5A}.Debug|Any CPU.ActiveCfg = Debug|Any CPU
		{F38635D4-9C3E-4309-9833-32EA275CEE5A}.Debug|Any CPU.Build.0 = Debug|Any CPU
		{F38635D4-9C3E-4309-9833-32EA275CEE5A}.Debug|x64.ActiveCfg = Debug|Any CPU
		{F38635D4-9C3E-4309-9833-32EA275CEE5A}.Debug|x64.Build.0 = Debug|Any CPU
		{F38635D4-9C3E-4309-9833-32EA275CEE5A}.Debug|x86.ActiveCfg = Debug|Any CPU
		{F38635D4-9C3E-4309-9833-32EA275CEE5A}.Debug|x86.Build.0 = Debug|Any CPU
		{F38635D4-9C3E-4309-9833-32EA275CEE5A}.Release|Any CPU.ActiveCfg = Release|Any CPU
		{F38635D4-9C3E-4309-9833-32EA275CEE5A}.Release|Any CPU.Build.0 = Release|Any CPU
		{F38635D4-9C3E-4309-9833-32EA275CEE5A}.Release|x64.ActiveCfg = Release|Any CPU
		{F38635D4-9C3E-4309-9833-32EA275CEE5A}.Release|x64.Build.0 = Release|Any CPU
		{F38635D4-9C3E-4309-9833-32EA275CEE5A}.Release|x86.ActiveCfg = Release|Any CPU
		{F38635D4-9C3E-4309-9833-32EA275CEE5A}.Release|x86.Build.0 = Release|Any CPU
		{D8B13A88-9B03-4960-B33D-D26D21F15869}.Debug|Any CPU.ActiveCfg = Debug|Any CPU
		{D8B13A88-9B03-4960-B33D-D26D21F15869}.Debug|Any CPU.Build.0 = Debug|Any CPU
		{D8B13A88-9B03-4960-B33D-D26D21F15869}.Debug|x64.ActiveCfg = Debug|Any CPU
		{D8B13A88-9B03-4960-B33D-D26D21F15869}.Debug|x64.Build.0 = Debug|Any CPU
		{D8B13A88-9B03-4960-B33D-D26D21F15869}.Debug|x86.ActiveCfg = Debug|Any CPU
		{D8B13A88-9B03-4960-B33D-D26D21F15869}.Debug|x86.Build.0 = Debug|Any CPU
		{D8B13A88-9B03-4960-B33D-D26D21F15869}.Release|Any CPU.ActiveCfg = Release|Any CPU
		{D8B13A88-9B03-4960-B33D-D26D21F15869}.Release|Any CPU.Build.0 = Release|Any CPU
		{D8B13A88-9B03-4960-B33D-D26D21F15869}.Release|x64.ActiveCfg = Release|Any CPU
		{D8B13A88-9B03-4960-B33D-D26D21F15869}.Release|x64.Build.0 = Release|Any CPU
		{D8B13A88-9B03-4960-B33D-D26D21F15869}.Release|x86.ActiveCfg = Release|Any CPU
		{D8B13A88-9B03-4960-B33D-D26D21F15869}.Release|x86.Build.0 = Release|Any CPU
	EndGlobalSection
	GlobalSection(SolutionProperties) = preSolution
		HideSolutionNode = FALSE
	EndGlobalSection
	GlobalSection(NestedProjects) = preSolution
		{683FD511-F176-D19A-2E84-A7FCEC12FB0B} = {1C2492E6-07D6-3755-945F-6FD68363DF81}
		{90CF84A4-54D2-4B0B-81A6-148877565AB7} = {683FD511-F176-D19A-2E84-A7FCEC12FB0B}
		{2E3AC84C-9EA0-45C8-B50A-2448FBDF8A5E} = {683FD511-F176-D19A-2E84-A7FCEC12FB0B}
		{7EAE6493-9656-4A99-BEB2-EDEBF618AD46} = {683FD511-F176-D19A-2E84-A7FCEC12FB0B}
		{6B1223A4-1821-49E1-B9BE-3C25399FAFCD} = {683FD511-F176-D19A-2E84-A7FCEC12FB0B}
		{5E473CC3-8E89-9CA1-5D97-F2F31AE5549C} = {683FD511-F176-D19A-2E84-A7FCEC12FB0B}
		{F38635D4-9C3E-4309-9833-32EA275CEE5A} = {5E473CC3-8E89-9CA1-5D97-F2F31AE5549C}
		{D8B13A88-9B03-4960-B33D-D26D21F15869} = {5E473CC3-8E89-9CA1-5D97-F2F31AE5549C}
	EndGlobalSection
EndGlobal
